
Microsoft Visual Studio Solution File, Format Version 12.00
# Visual Studio Version 16
VisualStudioVersion = 16.0.31205.134
MinimumVisualStudioVersion = 10.0.40219.1
Project("{FAE04EC0-301F-11D3-BF4B-00C04F79EFBC}") = "mantis-tests", "mantis-tests\mantis-tests.csproj", "{687F52E7-4EE6-4235-B982-AFD35EA3AC9C}"
EndProject
Global
	GlobalSection(SolutionConfigurationPlatforms) = preSolution
		Debug|Any CPU = Debug|Any CPU
		Release|Any CPU = Release|Any CPU
	EndGlobalSection
	GlobalSection(ProjectConfigurationPlatforms) = postSolution
		{687F52E7-4EE6-4235-B982-AFD35EA3AC9C}.Debug|Any CPU.ActiveCfg = Debug|Any CPU
		{687F52E7-4EE6-4235-B982-AFD35EA3AC9C}.Debug|Any CPU.Build.0 = Debug|Any CPU
		{687F52E7-4EE6-4235-B982-AFD35EA3AC9C}.Release|Any CPU.ActiveCfg = Release|Any CPU
		{687F52E7-4EE6-4235-B982-AFD35EA3AC9C}.Release|Any CPU.Build.0 = Release|Any CPU
	EndGlobalSection
	GlobalSection(SolutionProperties) = preSolution
		HideSolutionNode = FALSE
	EndGlobalSection
	GlobalSection(ExtensibilityGlobals) = postSolution
		SolutionGuid = {A807A0A5-D80D-4196-9AA7-498325CBCB60}
	EndGlobalSection
EndGlobal
